
Microsoft Visual Studio Solution File, Format Version 12.00
# Visual Studio 15
VisualStudioVersion = 15.0.27703.2042
MinimumVisualStudioVersion = 10.0.40219.1
Project("{FAE04EC0-301F-11D3-BF4B-00C04F79EFBC}") = "RoundingErrors", "RoundingErrors\RoundingErrors.csproj", "{8A865CB7-5391-43C5-BEE0-8CB993A1C544}"
EndProject
Project("{FAE04EC0-301F-11D3-BF4B-00C04F79EFBC}") = "MatrixMultiplication", "MatrixMultiplication\MatrixMultiplication.csproj", "{3A25D74A-23FE-451A-A50B-3136ED003E00}"
EndProject
Project("{FAE04EC0-301F-11D3-BF4B-00C04F79EFBC}") = "RootFinding", "RootFinding\RootFinding.csproj", "{7E46CD8B-810D-42CC-9AB7-24D59ECB1A1D}"
EndProject
Global
	GlobalSection(SolutionConfigurationPlatforms) = preSolution
		Debug|Any CPU = Debug|Any CPU
		Release|Any CPU = Release|Any CPU
	EndGlobalSection
	GlobalSection(ProjectConfigurationPlatforms) = postSolution
		{8A865CB7-5391-43C5-BEE0-8CB993A1C544}.Debug|Any CPU.ActiveCfg = Debug|Any CPU
		{8A865CB7-5391-43C5-BEE0-8CB993A1C544}.Debug|Any CPU.Build.0 = Debug|Any CPU
		{8A865CB7-5391-43C5-BEE0-8CB993A1C544}.Release|Any CPU.ActiveCfg = Release|Any CPU
		{8A865CB7-5391-43C5-BEE0-8CB993A1C544}.Release|Any CPU.Build.0 = Release|Any CPU
		{3A25D74A-23FE-451A-A50B-3136ED003E00}.Debug|Any CPU.ActiveCfg = Debug|Any CPU
		{3A25D74A-23FE-451A-A50B-3136ED003E00}.Debug|Any CPU.Build.0 = Debug|Any CPU
		{3A25D74A-23FE-451A-A50B-3136ED003E00}.Release|Any CPU.ActiveCfg = Release|Any CPU
		{3A25D74A-23FE-451A-A50B-3136ED003E00}.Release|Any CPU.Build.0 = Release|Any CPU
		{7E46CD8B-810D-42CC-9AB7-24D59ECB1A1D}.Debug|Any CPU.ActiveCfg = Debug|Any CPU
		{7E46CD8B-810D-42CC-9AB7-24D59ECB1A1D}.Debug|Any CPU.Build.0 = Debug|Any CPU
		{7E46CD8B-810D-42CC-9AB7-24D59ECB1A1D}.Release|Any CPU.ActiveCfg = Release|Any CPU
		{7E46CD8B-810D-42CC-9AB7-24D59ECB1A1D}.Release|Any CPU.Build.0 = Release|Any CPU
	EndGlobalSection
	GlobalSection(SolutionProperties) = preSolution
		HideSolutionNode = FALSE
	EndGlobalSection
	GlobalSection(ExtensibilityGlobals) = postSolution
		SolutionGuid = {E891ED5D-7D1B-41D5-9637-8ABFA458A654}
	EndGlobalSection
EndGlobal
